// !$*UTF8*$!
{
	archiveVersion = 1;
	classes = {
	};
	objectVersion = 77;
	objects = {

/* Begin PBXBuildFile section */
		C9450E482EA31E0100E763EB /* FirebaseAnalytics in Frameworks */ = {isa = PBXBuildFile; productRef = C9450E472EA31E0100E763EB /* FirebaseAnalytics */; };
		C9450E4A2EA31E0100E763EB /* FirebaseAuth in Frameworks */ = {isa = PBXBuildFile; productRef = C9450E492EA31E0100E763EB /* FirebaseAuth */; };
		C9450E4C2EA31E0100E763EB /* FirebaseCore in Frameworks */ = {isa = PBXBuildFile; productRef = C9450E4B2EA31E0100E763EB /* FirebaseCore */; };
		C9450E4E2EA31E0100E763EB /* FirebaseCrashlytics in Frameworks */ = {isa = PBXBuildFile; productRef = C9450E4D2EA31E0100E763EB /* FirebaseCrashlytics */; };
		C9450E502EA31E0100E763EB /* FirebaseFirestore in Frameworks */ = {isa = PBXBuildFile; productRef = C9450E4F2EA31E0100E763EB /* FirebaseFirestore */; };
		C9450E522EA31E0100E763EB /* FirebaseMessaging in Frameworks */ = {isa = PBXBuildFile; productRef = C9450E512EA31E0100E763EB /* FirebaseMessaging */; };
		C9450E542EA31E0100E763EB /* FirebaseStorage in Frameworks */ = {isa = PBXBuildFile; productRef = C9450E532EA31E0100E763EB /* FirebaseStorage */; };
/* End PBXBuildFile section */

/* Begin PBXContainerItemProxy section */
		C9450DC62EA306AC00E763EB /* PBXContainerItemProxy */ = {
			isa = PBXContainerItemProxy;
			containerPortal = C9450DB02EA306A400E763EB /* Project object */;
			proxyType = 1;
			remoteGlobalIDString = C9450DB72EA306A500E763EB;
			remoteInfo = AfriFresh;
		};
		C9450DD02EA306AC00E763EB /* PBXContainerItemProxy */ = {
			isa = PBXContainerItemProxy;
			containerPortal = C9450DB02EA306A400E763EB /* Project object */;
			proxyType = 1;
			remoteGlobalIDString = C9450DB72EA306A500E763EB;
			remoteInfo = AfriFresh;
		};
/* End PBXContainerItemProxy section */

/* Begin PBXFileReference section */
		C9450DB82EA306A500E763EB /* AfriFresh.app */ = {isa = PBXFileReference; explicitFileType = wrapper.application; includeInIndex = 0; path = AfriFresh.app; sourceTree = BUILT_PRODUCTS_DIR; };
		C9450DC52EA306AC00E763EB /* AfriFreshTests.xctest */ = {isa = PBXFileReference; explicitFileType = wrapper.cfbundle; includeInIndex = 0; path = AfriFreshTests.xctest; sourceTree = BUILT_PRODUCTS_DIR; };
		C9450DCF2EA306AC00E763EB /* AfriFreshUITests.xctest */ = {isa = PBXFileReference; explicitFileType = wrapper.cfbundle; includeInIndex = 0; path = AfriFreshUITests.xctest; sourceTree = BUILT_PRODUCTS_DIR; };
/* End PBXFileReference section */

/* Begin PBXFileSystemSynchronizedRootGroup section */
		C9450DBA2EA306A500E763EB /* AfriFresh */ = {
			isa = PBXFileSystemSynchronizedRootGroup;
			path = AfriFresh;
			sourceTree = "<group>";
		};
		C9450DC82EA306AC00E763EB /* AfriFreshTests */ = {
			isa = PBXFileSystemSynchronizedRootGroup;
			path = AfriFreshTests;
			sourceTree = "<group>";
		};
		C9450DD22EA306AC00E763EB /* AfriFreshUITests */ = {
			isa = PBXFileSystemSynchronizedRootGroup;
			path = AfriFreshUITests;
			sourceTree = "<group>";
		};
/* End PBXFileSystemSynchronizedRootGroup section */

/* Begin PBXFrameworksBuildPhase section */
		C9450DB52EA306A500E763EB /* Frameworks */ = {
			isa = PBXFrameworksBuildPhase;
			buildActionMask = 2147483647;
			files = (
				C9450E522EA31E0100E763EB /* FirebaseMessaging in Frameworks */,
				C9450E482EA31E0100E763EB /* FirebaseAnalytics in Frameworks */,
				C9450E4E2EA31E0100E763EB /* FirebaseCrashlytics in Frameworks */,
				C9450E4C2EA31E0100E763EB /* FirebaseCore in Frameworks */,
				C9450E542EA31E0100E763EB /* FirebaseStorage in Frameworks */,
				C9450E502EA31E0100E763EB /* FirebaseFirestore in Frameworks */,
				C9450E4A2EA31E0100E763EB /* FirebaseAuth in Frameworks */,
			);
			runOnlyForDeploymentPostprocessing = 0;
		};
		C9450DC22EA306AC00E763EB /* Frameworks */ = {
			isa = PBXFrameworksBuildPhase;
			buildActionMask = 2147483647;
			files = (
			);
			runOnlyForDeploymentPostprocessing = 0;
		};
		C9450DCC2EA306AC00E763EB /* Frameworks */ = {
			isa = PBXFrameworksBuildPhase;
			buildActionMask = 2147483647;
			files = (
			);
			runOnlyForDeploymentPostprocessing = 0;
		};
/* End PBXFrameworksBuildPhase section */

/* Begin PBXGroup section */
		C9450DAF2EA306A400E763EB = {
			isa = PBXGroup;
			children = (
				C9450DBA2EA306A500E763EB /* AfriFresh */,
				C9450DC82EA306AC00E763EB /* AfriFreshTests */,
				C9450DD22EA306AC00E763EB /* AfriFreshUITests */,
				C9450DB92EA306A500E763EB /* Products */,
			);
			sourceTree = "<group>";
		};
		C9450DB92EA306A500E763EB /* Products */ = {
			isa = PBXGroup;
			children = (
				C9450DB82EA306A500E763EB /* AfriFresh.app */,
				C9450DC52EA306AC00E763EB /* AfriFreshTests.xctest */,
				C9450DCF2EA306AC00E763EB /* AfriFreshUITests.xctest */,
			);
			name = Products;
			sourceTree = "<group>";
		};
/* End PBXGroup section */

/* Begin PBXNativeTarget section */
		C9450DB72EA306A500E763EB /* AfriFresh */ = {
			isa = PBXNativeTarget;
			buildConfigurationList = C9450DD92EA306AC00E763EB /* Build configuration list for PBXNativeTarget "AfriFresh" */;
			buildPhases = (
				C9450DB42EA306A500E763EB /* Sources */,
				C9450DB52EA306A500E763EB /* Frameworks */,
				C9450DB62EA306A500E763EB /* Resources */,
			);
			buildRules = (
			);
			dependencies = (
			);
			fileSystemSynchronizedGroups = (
				C9450DBA2EA306A500E763EB /* AfriFresh */,
			);
			name = AfriFresh;
			packageProductDependencies = (
				C9450E472EA31E0100E763EB /* FirebaseAnalytics */,
				C9450E492EA31E0100E763EB /* FirebaseAuth */,
				C9450E4B2EA31E0100E763EB /* FirebaseCore */,
				C9450E4D2EA31E0100E763EB /* FirebaseCrashlytics */,
				C9450E4F2EA31E0100E763EB /* FirebaseFirestore */,
				C9450E512EA31E0100E763EB /* FirebaseMessaging */,
				C9450E532EA31E0100E763EB /* FirebaseStorage */,
			);
			productName = AfriFresh;
			productReference = C9450DB82EA306A500E763EB /* AfriFresh.app */;
			productType = "com.apple.product-type.application";
		};
		C9450DC42EA306AC00E763EB /* AfriFreshTests */ = {
			isa = PBXNativeTarget;
			buildConfigurationList = C9450DDC2EA306AC00E763EB /* Build configuration list for PBXNativeTarget "AfriFreshTests" */;
			buildPhases = (
				C9450DC12EA306AC00E763EB /* Sources */,
				C9450DC22EA306AC00E763EB /* Frameworks */,
				C9450DC32EA306AC00E763EB /* Resources */,
			);
			buildRules = (
			);
			dependencies = (
				C9450DC72EA306AC00E763EB /* PBXTargetDependency */,
			);
			fileSystemSynchronizedGroups = (
				C9450DC82EA306AC00E763EB /* AfriFreshTests */,
			);
			name = AfriFreshTests;
			packageProductDependencies = (
			);
			productName = AfriFreshTests;
			productReference = C9450DC52EA306AC00E763EB /* AfriFreshTests.xctest */;
			productType = "com.apple.product-type.bundle.unit-test";
		};
		C9450DCE2EA306AC00E763EB /* AfriFreshUITests */ = {
			isa = PBXNativeTarget;
			buildConfigurationList = C9450DDF2EA306AC00E763EB /* Build configuration list for PBXNativeTarget "AfriFreshUITests" */;
			buildPhases = (
				C9450DCB2EA306AC00E763EB /* Sources */,
				C9450DCC2EA306AC00E763EB /* Frameworks */,
				C9450DCD2EA306AC00E763EB /* Resources */,
			);
			buildRules = (
			);
			dependencies = (
				C9450DD12EA306AC00E763EB /* PBXTargetDependency */,
			);
			fileSystemSynchronizedGroups = (
				C9450DD22EA306AC00E763EB /* AfriFreshUITests */,
			);
			name = AfriFreshUITests;
			packageProductDependencies = (
			);
			productName = AfriFreshUITests;
			productReference = C9450DCF2EA306AC00E763EB /* AfriFreshUITests.xctest */;
			productType = "com.apple.product-type.bundle.ui-testing";
		};
/* End PBXNativeTarget section */

/* Begin PBXProject section */
		C9450DB02EA306A400E763EB /* Project object */ = {
			isa = PBXProject;
			attributes = {
				BuildIndependentTargetsInParallel = 1;
				LastSwiftUpdateCheck = 1640;
				LastUpgradeCheck = 1640;
				TargetAttributes = {
					C9450DB72EA306A500E763EB = {
						CreatedOnToolsVersion = 16.4;
					};
					C9450DC42EA306AC00E763EB = {
						CreatedOnToolsVersion = 16.4;
						TestTargetID = C9450DB72EA306A500E763EB;
					};
					C9450DCE2EA306AC00E763EB = {
						CreatedOnToolsVersion = 16.4;
						TestTargetID = C9450DB72EA306A500E763EB;
					};
				};
			};
			buildConfigurationList = C9450DB32EA306A400E763EB /* Build configuration list for PBXProject "AfriFresh" */;
			developmentRegion = en;
			hasScannedForEncodings = 0;
			knownRegions = (
				en,
				Base,
			);
			mainGroup = C9450DAF2EA306A400E763EB;
			minimizedProjectReferenceProxies = 1;
			packageReferences = (
				C9450E462EA31E0100E763EB /* XCRemoteSwiftPackageReference "firebase-ios-sdk" */,
			);
			preferredProjectObjectVersion = 77;
			productRefGroup = C9450DB92EA306A500E763EB /* Products */;
			projectDirPath = "";
			projectRoot = "";
			targets = (
				C9450DB72EA306A500E763EB /* AfriFresh */,
				C9450DC42EA306AC00E763EB /* AfriFreshTests */,
				C9450DCE2EA306AC00E763EB /* AfriFreshUITests */,
			);
		};
/* End PBXProject section */

/* Begin PBXResourcesBuildPhase section */
		C9450DB62EA306A500E763EB /* Resources */ = {
			isa = PBXResourcesBuildPhase;
			buildActionMask = 2147483647;
			files = (
			);
			runOnlyForDeploymentPostprocessing = 0;
		};
		C9450DC32EA306AC00E763EB /* Resources */ = {
			isa = PBXResourcesBuildPhase;
			buildActionMask = 2147483647;
			files = (
			);
			runOnlyForDeploymentPostprocessing = 0;
		};
		C9450DCD2EA306AC00E763EB /* Resources */ = {
			isa = PBXResourcesBuildPhase;
			buildActionMask = 2147483647;
			files = (
			);
			runOnlyForDeploymentPostprocessing = 0;
		};
/* End PBXResourcesBuildPhase section */

/* Begin PBXSourcesBuildPhase section */
		C9450DB42EA306A500E763EB /* Sources */ = {
			isa = PBXSourcesBuildPhase;
			buildActionMask = 2147483647;
			files = (
			);
			runOnlyForDeploymentPostprocessing = 0;
		};
		C9450DC12EA306AC00E763EB /* Sources */ = {
			isa = PBXSourcesBuildPhase;
			buildActionMask = 2147483647;
			files = (
			);
			runOnlyForDeploymentPostprocessing = 0;
		};
		C9450DCB2EA306AC00E763EB /* Sources */ = {
			isa = PBXSourcesBuildPhase;
			buildActionMask = 2147483647;
			files = (
			);
			runOnlyForDeploymentPostprocessing = 0;
		};
/* End PBXSourcesBuildPhase section */

/* Begin PBXTargetDependency section */
		C9450DC72EA306AC00E763EB /* PBXTargetDependency */ = {
			isa = PBXTargetDependency;
			target = C9450DB72EA306A500E763EB /* AfriFresh */;
			targetProxy = C9450DC62EA306AC00E763EB /* PBXContainerItemProxy */;
		};
		C9450DD12EA306AC00E763EB /* PBXTargetDependency */ = {
			isa = PBXTargetDependency;
			target = C9450DB72EA306A500E763EB /* AfriFresh */;
			targetProxy = C9450DD02EA306AC00E763EB /* PBXContainerItemProxy */;
		};
/* End PBXTargetDependency section */

/* Begin XCBuildConfiguration section */
		C9450DD72EA306AC00E763EB /* Debug */ = {
			isa = XCBuildConfiguration;
			buildSettings = {
				ALWAYS_SEARCH_USER_PATHS = NO;
				ASSETCATALOG_COMPILER_GENERATE_SWIFT_ASSET_SYMBOL_EXTENSIONS = YES;
				CLANG_ANALYZER_NONNULL = YES;
				CLANG_ANALYZER_NUMBER_OBJECT_CONVERSION = YES_AGGRESSIVE;
				CLANG_CXX_LANGUAGE_STANDARD = "gnu++20";
				CLANG_ENABLE_MODULES = YES;
				CLANG_ENABLE_OBJC_ARC = YES;
				CLANG_ENABLE_OBJC_WEAK = YES;
				CLANG_WARN_BLOCK_CAPTURE_AUTORELEASING = YES;
				CLANG_WARN_BOOL_CONVERSION = YES;
				CLANG_WARN_COMMA = YES;
				CLANG_WARN_CONSTANT_CONVERSION = YES;
				CLANG_WARN_DEPRECATED_OBJC_IMPLEMENTATIONS = YES;
				CLANG_WARN_DIRECT_OBJC_ISA_USAGE = YES_ERROR;
				CLANG_WARN_DOCUMENTATION_COMMENTS = YES;
				CLANG_WARN_EMPTY_BODY = YES;
				CLANG_WARN_ENUM_CONVERSION = YES;
				CLANG_WARN_INFINITE_RECURSION = YES;
				CLANG_WARN_INT_CONVERSION = YES;
				CLANG_WARN_NON_LITERAL_NULL_CONVERSION = YES;
				CLANG_WARN_OBJC_IMPLICIT_RETAIN_SELF = YES;
				CLANG_WARN_OBJC_LITERAL_CONVERSION = YES;
				CLANG_WARN_OBJC_ROOT_CLASS = YES_ERROR;
				CLANG_WARN_QUOTED_INCLUDE_IN_FRAMEWORK_HEADER = YES;
				CLANG_WARN_RANGE_LOOP_ANALYSIS = YES;
				CLANG_WARN_STRICT_PROTOTYPES = YES;
				CLANG_WARN_SUSPICIOUS_MOVE = YES;
				CLANG_WARN_UNGUARDED_AVAILABILITY = YES_AGGRESSIVE;
				CLANG_WARN_UNREACHABLE_CODE = YES;
				CLANG_WARN__DUPLICATE_METHOD_MATCH = YES;
				COPY_PHASE_STRIP = NO;
				DEBUG_INFORMATION_FORMAT = dwarf;
				DEVELOPMENT_TEAM = 5W4B9A65LA;
				ENABLE_STRICT_OBJC_MSGSEND = YES;
				ENABLE_TESTABILITY = YES;
				ENABLE_USER_SCRIPT_SANDBOXING = YES;
				GCC_C_LANGUAGE_STANDARD = gnu17;
				GCC_DYNAMIC_NO_PIC = NO;
				GCC_NO_COMMON_BLOCKS = YES;
				GCC_OPTIMIZATION_LEVEL = 0;
				GCC_PREPROCESSOR_DEFINITIONS = (
					"DEBUG=1",
					"$(inherited)",
				);
				GCC_WARN_64_TO_32_BIT_CONVERSION = YES;
				GCC_WARN_ABOUT_RETURN_TYPE = YES_ERROR;
				GCC_WARN_UNDECLARED_SELECTOR = YES;
				GCC_WARN_UNINITIALIZED_AUTOS = YES_AGGRESSIVE;
				GCC_WARN_UNUSED_FUNCTION = YES;
				GCC_WARN_UNUSED_VARIABLE = YES;
				IPHONEOS_DEPLOYMENT_TARGET = 18.5;
				LOCALIZATION_PREFERS_STRING_CATALOGS = YES;
				MTL_ENABLE_DEBUG_INFO = INCLUDE_SOURCE;
				MTL_FAST_MATH = YES;
				ONLY_ACTIVE_ARCH = YES;
				SDKROOT = iphoneos;
				SWIFT_ACTIVE_COMPILATION_CONDITIONS = "DEBUG $(inherited)";
				SWIFT_OPTIMIZATION_LEVEL = "-Onone";
				SWIFT_VERSION = 6.0;
			};
			name = Debug;
		};
		C9450DD82EA306AC00E763EB /* Release */ = {
			isa = XCBuildConfiguration;
			buildSettings = {
				ALWAYS_SEARCH_USER_PATHS = NO;
				ASSETCATALOG_COMPILER_GENERATE_SWIFT_ASSET_SYMBOL_EXTENSIONS = YES;
				CLANG_ANALYZER_NONNULL = YES;
				CLANG_ANALYZER_NUMBER_OBJECT_CONVERSION = YES_AGGRESSIVE;
				CLANG_CXX_LANGUAGE_STANDARD = "gnu++20";
				CLANG_ENABLE_MODULES = YES;
				CLANG_ENABLE_OBJC_ARC = YES;
				CLANG_ENABLE_OBJC_WEAK = YES;
				CLANG_WARN_BLOCK_CAPTURE_AUTORELEASING = YES;
				CLANG_WARN_BOOL_CONVERSION = YES;
				CLANG_WARN_COMMA = YES;
				CLANG_WARN_CONSTANT_CONVERSION = YES;
				CLANG_WARN_DEPRECATED_OBJC_IMPLEMENTATIONS = YES;
				CLANG_WARN_DIRECT_OBJC_ISA_USAGE = YES_ERROR;
				CLANG_WARN_DOCUMENTATION_COMMENTS = YES;
				CLANG_WARN_EMPTY_BODY = YES;
				CLANG_WARN_ENUM_CONVERSION = YES;
				CLANG_WARN_INFINITE_RECURSION = YES;
				CLANG_WARN_INT_CONVERSION = YES;
				CLANG_WARN_NON_LITERAL_NULL_CONVERSION = YES;
				CLANG_WARN_OBJC_IMPLICIT_RETAIN_SELF = YES;
				CLANG_WARN_OBJC_LITERAL_CONVERSION = YES;
				CLANG_WARN_OBJC_ROOT_CLASS = YES_ERROR;
				CLANG_WARN_QUOTED_INCLUDE_IN_FRAMEWORK_HEADER = YES;
				CLANG_WARN_RANGE_LOOP_ANALYSIS = YES;
				CLANG_WARN_STRICT_PROTOTYPES = YES;
				CLANG_WARN_SUSPICIOUS_MOVE = YES;
				CLANG_WARN_UNGUARDED_AVAILABILITY = YES_AGGRESSIVE;
				CLANG_WARN_UNREACHABLE_CODE = YES;
				CLANG_WARN__DUPLICATE_METHOD_MATCH = YES;
				COPY_PHASE_STRIP = NO;
				DEBUG_INFORMATION_FORMAT = "dwarf-with-dsym";
				DEVELOPMENT_TEAM = 5W4B9A65LA;
				ENABLE_NS_ASSERTIONS = NO;
				ENABLE_STRICT_OBJC_MSGSEND = YES;
				ENABLE_USER_SCRIPT_SANDBOXING = YES;
				GCC_C_LANGUAGE_STANDARD = gnu17;
				GCC_NO_COMMON_BLOCKS = YES;
				GCC_WARN_64_TO_32_BIT_CONVERSION = YES;
				GCC_WARN_ABOUT_RETURN_TYPE = YES_ERROR;
				GCC_WARN_UNDECLARED_SELECTOR = YES;
				GCC_WARN_UNINITIALIZED_AUTOS = YES_AGGRESSIVE;
				GCC_WARN_UNUSED_FUNCTION = YES;
				GCC_WARN_UNUSED_VARIABLE = YES;
				IPHONEOS_DEPLOYMENT_TARGET = 18.5;
				LOCALIZATION_PREFERS_STRING_CATALOGS = YES;
				MTL_ENABLE_DEBUG_INFO = NO;
				MTL_FAST_MATH = YES;
				SDKROOT = iphoneos;
				SWIFT_COMPILATION_MODE = wholemodule;
				SWIFT_VERSION = 6.0;
				VALIDATE_PRODUCT = YES;
			};
			name = Release;
		};
		C9450DDA2EA306AC00E763EB /* Debug */ = {
			isa = XCBuildConfiguration;
			buildSettings = {
				ASSETCATALOG_COMPILER_APPICON_NAME = AppIcon;
				ASSETCATALOG_COMPILER_GLOBAL_ACCENT_COLOR_NAME = AccentColor;
				CODE_SIGN_STYLE = Automatic;
				CURRENT_PROJECT_VERSION = 1;
				DEVELOPMENT_TEAM = 5W4B9A65LA;
				ENABLE_PREVIEWS = YES;
				GENERATE_INFOPLIST_FILE = YES;
				INFOPLIST_KEY_NSLocationWhenInUseUsageDescription = "This app needs your location to show nearby stores";
				INFOPLIST_KEY_UIApplicationSceneManifest_Generation = YES;
				INFOPLIST_KEY_UIApplicationSupportsIndirectInputEvents = YES;
				INFOPLIST_KEY_UILaunchScreen_Generation = YES;
				INFOPLIST_KEY_UISupportedInterfaceOrientations_iPad = "UIInterfaceOrientationPortrait UIInterfaceOrientationPortraitUpsideDown UIInterfaceOrientationLandscapeLeft UIInterfaceOrientationLandscapeRight";
				INFOPLIST_KEY_UISupportedInterfaceOrientations_iPhone = "UIInterfaceOrientationPortrait UIInterfaceOrientationLandscapeLeft UIInterfaceOrientationLandscapeRight";
				IPHONEOS_DEPLOYMENT_TARGET = 18.0;
				LD_RUNPATH_SEARCH_PATHS = (
					"$(inherited)",
					"@executable_path/Frameworks",
				);
				MARKETING_VERSION = 1.0;
				PRODUCT_BUNDLE_IDENTIFIER = com.Heru.AfriFresh;
				PRODUCT_NAME = "$(TARGET_NAME)";
				SWIFT_EMIT_LOC_STRINGS = YES;
				SWIFT_VERSION = 5.0;
				TARGETED_DEVICE_FAMILY = "1,2";
			};
			name = Debug;
		};
		C9450DDB2EA306AC00E763EB /* Release */ = {
			isa = XCBuildConfiguration;
			buildSettings = {
				ASSETCATALOG_COMPILER_APPICON_NAME = AppIcon;
				ASSETCATALOG_COMPILER_GLOBAL_ACCENT_COLOR_NAME = AccentColor;
				CODE_SIGN_STYLE = Automatic;
				CURRENT_PROJECT_VERSION = 1;
				DEVELOPMENT_TEAM = 5W4B9A65LA;
				ENABLE_PREVIEWS = YES;
				GENERATE_INFOPLIST_FILE = YES;
				INFOPLIST_KEY_NSLocationWhenInUseUsageDescription = "This app needs your location to show nearby stores";
				INFOPLIST_KEY_UIApplicationSceneManifest_Generation = YES;
				INFOPLIST_KEY_UIApplicationSupportsIndirectInputEvents = YES;
				INFOPLIST_KEY_UILaunchScreen_Generation = YES;
				INFOPLIST_KEY_UISupportedInterfaceOrientations_iPad = "UIInterfaceOrientationPortrait UIInterfaceOrientationPortraitUpsideDown UIInterfaceOrientationLandscapeLeft UIInterfaceOrientationLandscapeRight";
				INFOPLIST_KEY_UISupportedInterfaceOrientations_iPhone = "UIInterfaceOrientationPortrait UIInterfaceOrientationLandscapeLeft UIInterfaceOrientationLandscapeRight";
				IPHONEOS_DEPLOYMENT_TARGET = 18.0;
				LD_RUNPATH_SEARCH_PATHS = (
					"$(inherited)",
					"@executable_path/Frameworks",
				);
				MARKETING_VERSION = 1.0;
				PRODUCT_BUNDLE_IDENTIFIER = com.Heru.AfriFresh;
				PRODUCT_NAME = "$(TARGET_NAME)";
				SWIFT_EMIT_LOC_STRINGS = YES;
				SWIFT_VERSION = 5.0;
				TARGETED_DEVICE_FAMILY = "1,2";
			};
			name = Release;
		};
		C9450DDD2EA306AC00E763EB /* Debug */ = {
			isa = XCBuildConfiguration;
			buildSettings = {
				BUNDLE_LOADER = "$(TEST_HOST)";
				CODE_SIGN_STYLE = Automatic;
				CURRENT_PROJECT_VERSION = 1;
				DEVELOPMENT_TEAM = 5W4B9A65LA;
				GENERATE_INFOPLIST_FILE = YES;
				IPHONEOS_DEPLOYMENT_TARGET = 18.5;
				MARKETING_VERSION = 1.0;
				PRODUCT_BUNDLE_IDENTIFIER = com.Heru.AfriFreshTests;
				PRODUCT_NAME = "$(TARGET_NAME)";
				SWIFT_EMIT_LOC_STRINGS = NO;
				SWIFT_VERSION = 5.0;
				TARGETED_DEVICE_FAMILY = "1,2";
				TEST_HOST = "$(BUILT_PRODUCTS_DIR)/AfriFresh.app/$(BUNDLE_EXECUTABLE_FOLDER_PATH)/AfriFresh";
			};
			name = Debug;
		};
		C9450DDE2EA306AC00E763EB /* Release */ = {
			isa = XCBuildConfiguration;
			buildSettings = {
				BUNDLE_LOADER = "$(TEST_HOST)";
				CODE_SIGN_STYLE = Automatic;
				CURRENT_PROJECT_VERSION = 1;
				DEVELOPMENT_TEAM = 5W4B9A65LA;
				GENERATE_INFOPLIST_FILE = YES;
				IPHONEOS_DEPLOYMENT_TARGET = 18.5;
				MARKETING_VERSION = 1.0;
				PRODUCT_BUNDLE_IDENTIFIER = com.Heru.AfriFreshTests;
				PRODUCT_NAME = "$(TARGET_NAME)";
				SWIFT_EMIT_LOC_STRINGS = NO;
				SWIFT_VERSION = 5.0;
				TARGETED_DEVICE_FAMILY = "1,2";
				TEST_HOST = "$(BUILT_PRODUCTS_DIR)/AfriFresh.app/$(BUNDLE_EXECUTABLE_FOLDER_PATH)/AfriFresh";
			};
			name = Release;
		};
		C9450DE02EA306AC00E763EB /* Debug */ = {
			isa = XCBuildConfiguration;
			buildSettings = {
				CODE_SIGN_STYLE = Automatic;
				CURRENT_PROJECT_VERSION = 1;
				DEVELOPMENT_TEAM = 5W4B9A65LA;
				GENERATE_INFOPLIST_FILE = YES;
				MARKETING_VERSION = 1.0;
				PRODUCT_BUNDLE_IDENTIFIER = com.Heru.AfriFreshUITests;
				PRODUCT_NAME = "$(TARGET_NAME)";
				SWIFT_EMIT_LOC_STRINGS = NO;
				SWIFT_VERSION = 5.0;
				TARGETED_DEVICE_FAMILY = "1,2";
				TEST_TARGET_NAME = AfriFresh;
			};
			name = Debug;
		};
		C9450DE12EA306AC00E763EB /* Release */ = {
			isa = XCBuildConfiguration;
			buildSettings = {
				CODE_SIGN_STYLE = Automatic;
				CURRENT_PROJECT_VERSION = 1;
				DEVELOPMENT_TEAM = 5W4B9A65LA;
				GENERATE_INFOPLIST_FILE = YES;
				MARKETING_VERSION = 1.0;
				PRODUCT_BUNDLE_IDENTIFIER = com.Heru.AfriFreshUITests;
				PRODUCT_NAME = "$(TARGET_NAME)";
				SWIFT_EMIT_LOC_STRINGS = NO;
				SWIFT_VERSION = 5.0;
				TARGETED_DEVICE_FAMILY = "1,2";
				TEST_TARGET_NAME = AfriFresh;
			};
			name = Release;
		};
/* End XCBuildConfiguration section */

/* Begin XCConfigurationList section */
		C9450DB32EA306A400E763EB /* Build configuration list for PBXProject "AfriFresh" */ = {
			isa = XCConfigurationList;
			buildConfigurations = (
				C9450DD72EA306AC00E763EB /* Debug */,
				C9450DD82EA306AC00E763EB /* Release */,
			);
			defaultConfigurationIsVisible = 0;
			defaultConfigurationName = Release;
		};
		C9450DD92EA306AC00E763EB /* Build configuration list for PBXNativeTarget "AfriFresh" */ = {
			isa = XCConfigurationList;
			buildConfigurations = (
				C9450DDA2EA306AC00E763EB /* Debug */,
				C9450DDB2EA306AC00E763EB /* Release */,
			);
			defaultConfigurationIsVisible = 0;
			defaultConfigurationName = Release;
		};
		C9450DDC2EA306AC00E763EB /* Build configuration list for PBXNativeTarget "AfriFreshTests" */ = {
			isa = XCConfigurationList;
			buildConfigurations = (
				C9450DDD2EA306AC00E763EB /* Debug */,
				C9450DDE2EA306AC00E763EB /* Release */,
			);
			defaultConfigurationIsVisible = 0;
			defaultConfigurationName = Release;
		};
		C9450DDF2EA306AC00E763EB /* Build configuration list for PBXNativeTarget "AfriFreshUITests" */ = {
			isa = XCConfigurationList;
			buildConfigurations = (
				C9450DE02EA306AC00E763EB /* Debug */,
				C9450DE12EA306AC00E763EB /* Release */,
			);
			defaultConfigurationIsVisible = 0;
			defaultConfigurationName = Release;
		};
/* End XCConfigurationList section */

/* Begin XCRemoteSwiftPackageReference section */
		C9450E462EA31E0100E763EB /* XCRemoteSwiftPackageReference "firebase-ios-sdk" */ = {
			isa = XCRemoteSwiftPackageReference;
			repositoryURL = "https://github.com/firebase/firebase-ios-sdk";
			requirement = {
				kind = upToNextMajorVersion;
				minimumVersion = 12.4.0;
			};
		};
/* End XCRemoteSwiftPackageReference section */

/* Begin XCSwiftPackageProductDependency section */
		C9450E472EA31E0100E763EB /* FirebaseAnalytics */ = {
			isa = XCSwiftPackageProductDependency;
			package = C9450E462EA31E0100E763EB /* XCRemoteSwiftPackageReference "firebase-ios-sdk" */;
			productName = FirebaseAnalytics;
		};
		C9450E492EA31E0100E763EB /* FirebaseAuth */ = {
			isa = XCSwiftPackageProductDependency;
			package = C9450E462EA31E0100E763EB /* XCRemoteSwiftPackageReference "firebase-ios-sdk" */;
			productName = FirebaseAuth;
		};
		C9450E4B2EA31E0100E763EB /* FirebaseCore */ = {
			isa = XCSwiftPackageProductDependency;
			package = C9450E462EA31E0100E763EB /* XCRemoteSwiftPackageReference "firebase-ios-sdk" */;
			productName = FirebaseCore;
		};
		C9450E4D2EA31E0100E763EB /* FirebaseCrashlytics */ = {
			isa = XCSwiftPackageProductDependency;
			package = C9450E462EA31E0100E763EB /* XCRemoteSwiftPackageReference "firebase-ios-sdk" */;
			productName = FirebaseCrashlytics;
		};
		C9450E4F2EA31E0100E763EB /* FirebaseFirestore */ = {
			isa = XCSwiftPackageProductDependency;
			package = C9450E462EA31E0100E763EB /* XCRemoteSwiftPackageReference "firebase-ios-sdk" */;
			productName = FirebaseFirestore;
		};
		C9450E512EA31E0100E763EB /* FirebaseMessaging */ = {
			isa = XCSwiftPackageProductDependency;
			package = C9450E462EA31E0100E763EB /* XCRemoteSwiftPackageReference "firebase-ios-sdk" */;
			productName = FirebaseMessaging;
		};
		C9450E532EA31E0100E763EB /* FirebaseStorage */ = {
			isa = XCSwiftPackageProductDependency;
			package = C9450E462EA31E0100E763EB /* XCRemoteSwiftPackageReference "firebase-ios-sdk" */;
			productName = FirebaseStorage;
		};
/* End XCSwiftPackageProductDependency section */
	};
	rootObject = C9450DB02EA306A400E763EB /* Project object */;
}
